{
  "name": "artillery-engine-radius",
  "version": "1.0.0",
  "lockfileVersion": 1,
  "requires": true,
  "dependencies": {
    "debug": {
      "version": "2.6.9",
      "resolved": "https://registry.npmjs.org/debug/-/debug-2.6.9.tgz",
      "integrity": "sha512-bC7ElrdJaJnPbAP+1EotYvqZsb3ecl5wi6Bfi6BJTUcNowp6cvspg0jXznRTKDjm/E7AdgFBVeAPVMNcKGsHMA==",
      "requires": {
        "ms": "2.0.0"
      }
    },
    "ms": {
      "version": "2.0.0",
      "resolved": "https://registry.npmjs.org/ms/-/ms-2.0.0.tgz",
      "integrity": "sha1-VgiurfwAvmwpAd9fmGF4jeDVl8g="
    },
    "radclient": {
      "version": "1.0.0",
      "resolved": "https://registry.npmjs.org/radclient/-/radclient-1.0.0.tgz",
      "integrity": "sha1-2eDUiEB68be+HoqjckOQPL+RgdE=",
      "requires": {
        "debug": "^2.1.2",
        "radius": "^1.1.0"
      }
    },
    "radius": {
      "version": "1.1.4",
      "resolved": "https://registry.npmjs.org/radius/-/radius-1.1.4.tgz",
      "integrity": "sha512-UWuzdF6xf3NpsXFZZmUEkxtEalDXj8hdmMXgbGzn7vOk6zXNsiIY2I6SJ1euHt7PTQuMoz2qDEJB+AfJDJgQYw=="
    }
  }
}
